
Microsoft Visual Studio Solution File, Format Version 12.00
# Visual Studio Version 17
VisualStudioVersion = 17.12.35527.113 d17.12
MinimumVisualStudioVersion = 10.0.40219.1
Project("{FAE04EC0-301F-11D3-BF4B-00C04F79EFBC}") = "PhamTranXuanTan_2122110248", "PhamTranXuanTan_2122110248\PhamTranXuanTan_2122110248.csproj", "{C986C734-2403-4F13-97D4-B4EAD1E132C1}"
EndProject
Global
	GlobalSection(SolutionConfigurationPlatforms) = preSolution
		Debug|Any CPU = Debug|Any CPU
		Release|Any CPU = Release|Any CPU
	EndGlobalSection
	GlobalSection(ProjectConfigurationPlatforms) = postSolution
		{C986C734-2403-4F13-97D4-B4EAD1E132C1}.Debug|Any CPU.ActiveCfg = Debug|Any CPU
		{C986C734-2403-4F13-97D4-B4EAD1E132C1}.Debug|Any CPU.Build.0 = Debug|Any CPU
		{C986C734-2403-4F13-97D4-B4EAD1E132C1}.Release|Any CPU.ActiveCfg = Release|Any CPU
		{C986C734-2403-4F13-97D4-B4EAD1E132C1}.Release|Any CPU.Build.0 = Release|Any CPU
	EndGlobalSection
	GlobalSection(SolutionProperties) = preSolution
		HideSolutionNode = FALSE
	EndGlobalSection
EndGlobal
